Microsoft Visual Studio Solution File, Format Version 12.00
# Visual Studio Version 17
VisualStudioVersion = 17.5.2.0
MinimumVisualStudioVersion = 10.0.40219.1
Project("{FAE04EC0-301F-11D3-BF4B-00C04F79EFBC}") = "Message.Api.T2.Tests", "Message.Api.T2.Tests.csproj", "{2B317CF9-C6CD-54AC-B38D-BCFFA8580B45}"
EndProject
Global
	GlobalSection(SolutionConfigurationPlatforms) = preSolution
		Debug|Any CPU = Debug|Any CPU
		Release|Any CPU = Release|Any CPU
	EndGlobalSection
	GlobalSection(ProjectConfigurationPlatforms) = postSolution
		{2B317CF9-C6CD-54AC-B38D-BCFFA8580B45}.Debug|Any CPU.ActiveCfg = Debug|Any CPU
		{2B317CF9-C6CD-54AC-B38D-BCFFA8580B45}.Debug|Any CPU.Build.0 = Debug|Any CPU
		{2B317CF9-C6CD-54AC-B38D-BCFFA8580B45}.Release|Any CPU.ActiveCfg = Release|Any CPU
		{2B317CF9-C6CD-54AC-B38D-BCFFA8580B45}.Release|Any CPU.Build.0 = Release|Any CPU
	EndGlobalSection
	GlobalSection(SolutionProperties) = preSolution
		HideSolutionNode = FALSE
	EndGlobalSection
	GlobalSection(ExtensibilityGlobals) = postSolution
		SolutionGuid = {A0FC5DA7-14D5-445A-A641-62BDF9AAEB1A}
	EndGlobalSection
EndGlobal
